
Microsoft Visual Studio Solution File, Format Version 12.00
# Visual Studio 15
VisualStudioVersion = 15.0.28010.2026
MinimumVisualStudioVersion = 10.0.40219.1
Project("{FAE04EC0-301F-11D3-BF4B-00C04F79EFBC}") = "WebApplication6", "WebApplication6\WebApplication6.csproj", "{BD775432-A974-43BA-BE64-8E364C90DC67}"
EndProject
Global
	GlobalSection(SolutionConfigurationPlatforms) = preSolution
		Debug|Any CPU = Debug|Any CPU
		Release|Any CPU = Release|Any CPU
	EndGlobalSection
	GlobalSection(ProjectConfigurationPlatforms) = postSolution
		{BD775432-A974-43BA-BE64-8E364C90DC67}.Debug|Any CPU.ActiveCfg = Debug|Any CPU
		{BD775432-A974-43BA-BE64-8E364C90DC67}.Debug|Any CPU.Build.0 = Debug|Any CPU
		{BD775432-A974-43BA-BE64-8E364C90DC67}.Release|Any CPU.ActiveCfg = Release|Any CPU
		{BD775432-A974-43BA-BE64-8E364C90DC67}.Release|Any CPU.Build.0 = Release|Any CPU
	EndGlobalSection
	GlobalSection(SolutionProperties) = preSolution
		HideSolutionNode = FALSE
	EndGlobalSection
	GlobalSection(ExtensibilityGlobals) = postSolution
		SolutionGuid = {B4E53616-0DA6-4B9E-B842-3E5E303D8745}
	EndGlobalSection
EndGlobal
